# THIS IS AN AUTOGENERATED FILE. DO NOT EDIT THIS FILE DIRECTLY.
# yarn lockfile v1


openzeppelin-solidity@^3.2.0:
  version "3.2.0"
  resolved "https://registry.yarnpkg.com/openzeppelin-solidity/-/openzeppelin-solidity-3.2.0.tgz#8cb9de0cf2e3ce214be75cd11161930bc6013200"
  integrity sha512-ku9dZbpo63P1OOGvU1FflRlAxcxWauKhex+a7W0vbfjLzItaCQkZEiDedsH2TWJrg4xdo0B/BFS9taeVwKvAxw==
